// !$*UTF8*$!
{
	archiveVersion = 1;
	classes = {
	};
	objectVersion = 50;
	objects = {

/* Begin PBXBuildFile section */
		5606B781270F4D5300EA177A /* BreatheRecorder.swift in Sources */ = {isa = PBXBuildFile; fileRef = 5606B780270F4D5300EA177A /* BreatheRecorder.swift */; };
		564848F6270DE88800F4F04E /* AppDelegate.swift in Sources */ = {isa = PBXBuildFile; fileRef = 564848F5270DE88800F4F04E /* AppDelegate.swift */; };
		564848FA270DE88800F4F04E /* MainViewController.swift in Sources */ = {isa = PBXBuildFile; fileRef = 564848F9270DE88800F4F04E /* MainViewController.swift */; };
		564848FD270DE88800F4F04E /* MainViewController.storyboard in Resources */ = {isa = PBXBuildFile; fileRef = 564848FB270DE88800F4F04E /* MainViewController.storyboard */; };
		56484900270DE88800F4F04E /* BreatheMe.xcdatamodeld in Sources */ = {isa = PBXBuildFile; fileRef = 564848FE270DE88800F4F04E /* BreatheMe.xcdatamodeld */; };
		56484902270DE88900F4F04E /* Assets.xcassets in Resources */ = {isa = PBXBuildFile; fileRef = 56484901270DE88900F4F04E /* Assets.xcassets */; };
		56484905270DE88900F4F04E /* LaunchScreen.storyboard in Resources */ = {isa = PBXBuildFile; fileRef = 56484903270DE88900F4F04E /* LaunchScreen.storyboard */; };
		567FD619271AC1CE00D508A2 /* SessionRepository.swift in Sources */ = {isa = PBXBuildFile; fileRef = 567FD618271AC1CE00D508A2 /* SessionRepository.swift */; };
		567FD61C271AC1D600D508A2 /* RecordRepository.swift in Sources */ = {isa = PBXBuildFile; fileRef = 567FD61B271AC1D600D508A2 /* RecordRepository.swift */; };
		567FD621271AC93A00D508A2 /* SessionListCell.swift in Sources */ = {isa = PBXBuildFile; fileRef = 567FD620271AC93A00D508A2 /* SessionListCell.swift */; };
		567FD62E271B29AA00D508A2 /* SessionListTableHeaderView.swift in Sources */ = {isa = PBXBuildFile; fileRef = 567FD62D271B29AA00D508A2 /* SessionListTableHeaderView.swift */; };
		5696FFF827148624001E6A27 /* BreatheProcessor.swift in Sources */ = {isa = PBXBuildFile; fileRef = 5696FFF727148624001E6A27 /* BreatheProcessor.swift */; };
		56B0BEFA27173995007BA6B4 /* BreatheStage.swift in Sources */ = {isa = PBXBuildFile; fileRef = 56B0BEF927173995007BA6B4 /* BreatheStage.swift */; };
		56D54036270DEBD600EC0C84 /* Colors.xcassets in Resources */ = {isa = PBXBuildFile; fileRef = 56D54035270DEBD600EC0C84 /* Colors.xcassets */; };
		56D5403B270DECB000EC0C84 /* SetuppableViews.swift in Sources */ = {isa = PBXBuildFile; fileRef = 56D5403A270DECB000EC0C84 /* SetuppableViews.swift */; };
		56D5404B270DEFCD00EC0C84 /* AppSession.swift in Sources */ = {isa = PBXBuildFile; fileRef = 56D5404A270DEFCD00EC0C84 /* AppSession.swift */; };
		56D5404E270DEFDE00EC0C84 /* DataManager.swift in Sources */ = {isa = PBXBuildFile; fileRef = 56D5404D270DEFDE00EC0C84 /* DataManager.swift */; };
		56D54051270DF01B00EC0C84 /* MainControllerViewModel.swift in Sources */ = {isa = PBXBuildFile; fileRef = 56D54050270DF01B00EC0C84 /* MainControllerViewModel.swift */; };
		56D54055270DF11A00EC0C84 /* AppRouter.swift in Sources */ = {isa = PBXBuildFile; fileRef = 56D54054270DF11A00EC0C84 /* AppRouter.swift */; };
		56D54059270DF52400EC0C84 /* MainBreatheButton.swift in Sources */ = {isa = PBXBuildFile; fileRef = 56D54058270DF52400EC0C84 /* MainBreatheButton.swift */; };
		56D5405D270DF64E00EC0C84 /* String+Extensions.swift in Sources */ = {isa = PBXBuildFile; fileRef = 56D5405C270DF64E00EC0C84 /* String+Extensions.swift */; };
		56D54069270DF97700EC0C84 /* Localizable.strings in Resources */ = {isa = PBXBuildFile; fileRef = 56D5406B270DF97700EC0C84 /* Localizable.strings */; };
		56E27E8927187B93003E682A /* Session+CoreData.swift in Sources */ = {isa = PBXBuildFile; fileRef = 56E27E8527187B93003E682A /* Session+CoreData.swift */; };
		56E27E8B27187B93003E682A /* Record+CoreData.swift in Sources */ = {isa = PBXBuildFile; fileRef = 56E27E8727187B93003E682A /* Record+CoreData.swift */; };
		56E27E9527187D17003E682A /* Database.swift in Sources */ = {isa = PBXBuildFile; fileRef = 56E27E9427187D17003E682A /* Database.swift */; };
		56E27E99271881D0003E682A /* SessionDao.swift in Sources */ = {isa = PBXBuildFile; fileRef = 56E27E98271881D0003E682A /* SessionDao.swift */; };
		56E27E9C271881DB003E682A /* RecordDao.swift in Sources */ = {isa = PBXBuildFile; fileRef = 56E27E9B271881DB003E682A /* RecordDao.swift */; };
		56E27EA027188256003E682A /* SessionListViewController.swift in Sources */ = {isa = PBXBuildFile; fileRef = 56E27E9F27188256003E682A /* SessionListViewController.swift */; };
		56E27EA32718825F003E682A /* SessionListControllerViewModel.swift in Sources */ = {isa = PBXBuildFile; fileRef = 56E27EA22718825F003E682A /* SessionListControllerViewModel.swift */; };
/* End PBXBuildFile section */

/* Begin PBXFileReference section */
		5606B780270F4D5300EA177A /* BreatheRecorder.swift */ = {isa = PBXFileReference; lastKnownFileType = sourcecode.swift; path = BreatheRecorder.swift; sourceTree = "<group>"; };
		564848F2270DE88800F4F04E /* BreatheMe.app */ = {isa = PBXFileReference; explicitFileType = wrapper.application; includeInIndex = 0; path = BreatheMe.app; sourceTree = BUILT_PRODUCTS_DIR; };
		564848F5270DE88800F4F04E /* AppDelegate.swift */ = {isa = PBXFileReference; lastKnownFileType = sourcecode.swift; path = AppDelegate.swift; sourceTree = "<group>"; };
		564848F9270DE88800F4F04E /* MainViewController.swift */ = {isa = PBXFileReference; lastKnownFileType = sourcecode.swift; path = MainViewController.swift; sourceTree = "<group>"; };
		564848FC270DE88800F4F04E /* Base */ = {isa = PBXFileReference; lastKnownFileType = file.storyboard; name = Base; path = Base.lproj/MainViewController.storyboard; sourceTree = "<group>"; };
		564848FF270DE88800F4F04E /* BreatheMe.xcdatamodel */ = {isa = PBXFileReference; lastKnownFileType = wrapper.xcdatamodel; path = BreatheMe.xcdatamodel; sourceTree = "<group>"; };
		56484901270DE88900F4F04E /* Assets.xcassets */ = {isa = PBXFileReference; lastKnownFileType = folder.assetcatalog; path = Assets.xcassets; sourceTree = "<group>"; };
		56484904270DE88900F4F04E /* Base */ = {isa = PBXFileReference; lastKnownFileType = file.storyboard; name = Base; path = Base.lproj/LaunchScreen.storyboard; sourceTree = "<group>"; };
		56484906270DE88900F4F04E /* Info.plist */ = {isa = PBXFileReference; lastKnownFileType = text.plist.xml; path = Info.plist; sourceTree = "<group>"; };
		567FD618271AC1CE00D508A2 /* SessionRepository.swift */ = {isa = PBXFileReference; lastKnownFileType = sourcecode.swift; path = SessionRepository.swift; sourceTree = "<group>"; };
		567FD61B271AC1D600D508A2 /* RecordRepository.swift */ = {isa = PBXFileReference; lastKnownFileType = sourcecode.swift; path = RecordRepository.swift; sourceTree = "<group>"; };
		567FD620271AC93A00D508A2 /* SessionListCell.swift */ = {isa = PBXFileReference; lastKnownFileType = sourcecode.swift; path = SessionListCell.swift; sourceTree = "<group>"; };
		567FD62D271B29AA00D508A2 /* SessionListTableHeaderView.swift */ = {isa = PBXFileReference; lastKnownFileType = sourcecode.swift; path = SessionListTableHeaderView.swift; sourceTree = "<group>"; };
		5696FFF727148624001E6A27 /* BreatheProcessor.swift */ = {isa = PBXFileReference; lastKnownFileType = sourcecode.swift; path = BreatheProcessor.swift; sourceTree = "<group>"; };
		56B0BEF927173995007BA6B4 /* BreatheStage.swift */ = {isa = PBXFileReference; lastKnownFileType = sourcecode.swift; path = BreatheStage.swift; sourceTree = "<group>"; };
		56D54035270DEBD600EC0C84 /* Colors.xcassets */ = {isa = PBXFileReference; lastKnownFileType = folder.assetcatalog; path = Colors.xcassets; sourceTree = "<group>"; };
		56D5403A270DECB000EC0C84 /* SetuppableViews.swift */ = {isa = PBXFileReference; lastKnownFileType = sourcecode.swift; path = SetuppableViews.swift; sourceTree = "<group>"; };
		56D5404A270DEFCD00EC0C84 /* AppSession.swift */ = {isa = PBXFileReference; lastKnownFileType = sourcecode.swift; path = AppSession.swift; sourceTree = "<group>"; };
		56D5404D270DEFDE00EC0C84 /* DataManager.swift */ = {isa = PBXFileReference; lastKnownFileType = sourcecode.swift; path = DataManager.swift; sourceTree = "<group>"; };
		56D54050270DF01B00EC0C84 /* MainControllerViewModel.swift */ = {isa = PBXFileReference; lastKnownFileType = sourcecode.swift; path = MainControllerViewModel.swift; sourceTree = "<group>"; };
		56D54054270DF11A00EC0C84 /* AppRouter.swift */ = {isa = PBXFileReference; lastKnownFileType = sourcecode.swift; path = AppRouter.swift; sourceTree = "<group>"; };
		56D54058270DF52400EC0C84 /* MainBreatheButton.swift */ = {isa = PBXFileReference; lastKnownFileType = sourcecode.swift; path = MainBreatheButton.swift; sourceTree = "<group>"; };
		56D5405C270DF64E00EC0C84 /* String+Extensions.swift */ = {isa = PBXFileReference; lastKnownFileType = sourcecode.swift; path = "String+Extensions.swift"; sourceTree = "<group>"; };
		56D5406A270DF97700EC0C84 /* en */ = {isa = PBXFileReference; lastKnownFileType = text.plist.strings; name = en; path = en.lproj/Localizable.strings; sourceTree = "<group>"; };
		56D5406D270DF99200EC0C84 /* ru */ = {isa = PBXFileReference; lastKnownFileType = text.plist.strings; name = ru; path = ru.lproj/Localizable.strings; sourceTree = "<group>"; };
		56E27E8527187B93003E682A /* Session+CoreData.swift */ = {isa = PBXFileReference; lastKnownFileType = sourcecode.swift; path = "Session+CoreData.swift"; sourceTree = "<group>"; };
		56E27E8727187B93003E682A /* Record+CoreData.swift */ = {isa = PBXFileReference; lastKnownFileType = sourcecode.swift; path = "Record+CoreData.swift"; sourceTree = "<group>"; };
		56E27E9427187D17003E682A /* Database.swift */ = {isa = PBXFileReference; lastKnownFileType = sourcecode.swift; path = Database.swift; sourceTree = "<group>"; };
		56E27E98271881D0003E682A /* SessionDao.swift */ = {isa = PBXFileReference; lastKnownFileType = sourcecode.swift; path = SessionDao.swift; sourceTree = "<group>"; };
		56E27E9B271881DB003E682A /* RecordDao.swift */ = {isa = PBXFileReference; lastKnownFileType = sourcecode.swift; path = RecordDao.swift; sourceTree = "<group>"; };
		56E27E9F27188256003E682A /* SessionListViewController.swift */ = {isa = PBXFileReference; lastKnownFileType = sourcecode.swift; path = SessionListViewController.swift; sourceTree = "<group>"; };
		56E27EA22718825F003E682A /* SessionListControllerViewModel.swift */ = {isa = PBXFileReference; lastKnownFileType = sourcecode.swift; path = SessionListControllerViewModel.swift; sourceTree = "<group>"; };
/* End PBXFileReference section */

/* Begin PBXFrameworksBuildPhase section */
		564848EF270DE88800F4F04E /* Frameworks */ = {
			isa = PBXFrameworksBuildPhase;
			buildActionMask = 2147483647;
			files = (
			);
			runOnlyForDeploymentPostprocessing = 0;
		};
/* End PBXFrameworksBuildPhase section */

/* Begin PBXGroup section */
		5606B77F270F4D3F00EA177A /* Managers */ = {
			isa = PBXGroup;
			children = (
				56D5404D270DEFDE00EC0C84 /* DataManager.swift */,
			);
			path = Managers;
			sourceTree = "<group>";
		};
		564848E9270DE88800F4F04E = {
			isa = PBXGroup;
			children = (
				564848F4270DE88800F4F04E /* BreatheMe */,
				564848F3270DE88800F4F04E /* Products */,
			);
			sourceTree = "<group>";
		};
		564848F3270DE88800F4F04E /* Products */ = {
			isa = PBXGroup;
			children = (
				564848F2270DE88800F4F04E /* BreatheMe.app */,
			);
			name = Products;
			sourceTree = "<group>";
		};
		564848F4270DE88800F4F04E /* BreatheMe */ = {
			isa = PBXGroup;
			children = (
				5648490E270DEA0100F4F04E /* UI Components */,
				56484911270DEA1400F4F04E /* CoreData */,
				56D54053270DF10A00EC0C84 /* Coordination */,
				56D54049270DEFB900EC0C84 /* Dependencies */,
				56484910270DEA0E00F4F04E /* Modules */,
				5648490F270DEA0A00F4F04E /* Utils */,
				56D5405B270DF63F00EC0C84 /* Extensions */,
				56484912270DEA1B00F4F04E /* Resources */,
				56484906270DE88900F4F04E /* Info.plist */,
			);
			path = BreatheMe;
			sourceTree = "<group>";
		};
		5648490E270DEA0100F4F04E /* UI Components */ = {
			isa = PBXGroup;
			children = (
				56D5403A270DECB000EC0C84 /* SetuppableViews.swift */,
				56D54040270DED8F00EC0C84 /* Views */,
				56D5403E270DED7D00EC0C84 /* Buttons */,
			);
			path = "UI Components";
			sourceTree = "<group>";
		};
		5648490F270DEA0A00F4F04E /* Utils */ = {
			isa = PBXGroup;
			children = (
			);
			path = Utils;
			sourceTree = "<group>";
		};
		56484910270DEA0E00F4F04E /* Modules */ = {
			isa = PBXGroup;
			children = (
				56B0BEF727173988007BA6B4 /* Common */,
				56E27EA527188265003E682A /* RecordList */,
				56E27E9E2718823F003E682A /* SessionList */,
				56D54039270DEC3500EC0C84 /* Main */,
				564848F5270DE88800F4F04E /* AppDelegate.swift */,
				56484903270DE88900F4F04E /* LaunchScreen.storyboard */,
			);
			path = Modules;
			sourceTree = "<group>";
		};
		56484911270DEA1400F4F04E /* CoreData */ = {
			isa = PBXGroup;
			children = (
				567FD617271AC12900D508A2 /* Repository */,
				56E27E97271881C2003E682A /* Dao */,
				56D5403F270DED8600EC0C84 /* Models */,
				564848FE270DE88800F4F04E /* BreatheMe.xcdatamodeld */,
				56E27E9427187D17003E682A /* Database.swift */,
			);
			path = CoreData;
			sourceTree = "<group>";
		};
		56484912270DEA1B00F4F04E /* Resources */ = {
			isa = PBXGroup;
			children = (
				56D54033270DEBBF00EC0C84 /* Sounds */,
				56D54032270DEBB900EC0C84 /* Fonts */,
				56484901270DE88900F4F04E /* Assets.xcassets */,
				56D54035270DEBD600EC0C84 /* Colors.xcassets */,
				56D5406B270DF97700EC0C84 /* Localizable.strings */,
			);
			path = Resources;
			sourceTree = "<group>";
		};
		567FD617271AC12900D508A2 /* Repository */ = {
			isa = PBXGroup;
			children = (
				567FD618271AC1CE00D508A2 /* SessionRepository.swift */,
				567FD61B271AC1D600D508A2 /* RecordRepository.swift */,
			);
			path = Repository;
			sourceTree = "<group>";
		};
		5696FFFA2714862C001E6A27 /* Breathe */ = {
			isa = PBXGroup;
			children = (
				5606B780270F4D5300EA177A /* BreatheRecorder.swift */,
				5696FFF727148624001E6A27 /* BreatheProcessor.swift */,
			);
			path = Breathe;
			sourceTree = "<group>";
		};
		56B0BEF727173988007BA6B4 /* Common */ = {
			isa = PBXGroup;
			children = (
				56B0BEF82717398C007BA6B4 /* Models */,
			);
			path = Common;
			sourceTree = "<group>";
		};
		56B0BEF82717398C007BA6B4 /* Models */ = {
			isa = PBXGroup;
			children = (
				56B0BEF927173995007BA6B4 /* BreatheStage.swift */,
			);
			path = Models;
			sourceTree = "<group>";
		};
		56D54032270DEBB900EC0C84 /* Fonts */ = {
			isa = PBXGroup;
			children = (
			);
			path = Fonts;
			sourceTree = "<group>";
		};
		56D54033270DEBBF00EC0C84 /* Sounds */ = {
			isa = PBXGroup;
			children = (
			);
			path = Sounds;
			sourceTree = "<group>";
		};
		56D54039270DEC3500EC0C84 /* Main */ = {
			isa = PBXGroup;
			children = (
				56D54057270DF50F00EC0C84 /* Views */,
				564848F9270DE88800F4F04E /* MainViewController.swift */,
				564848FB270DE88800F4F04E /* MainViewController.storyboard */,
				56D54050270DF01B00EC0C84 /* MainControllerViewModel.swift */,
			);
			path = Main;
			sourceTree = "<group>";
		};
		56D5403E270DED7D00EC0C84 /* Buttons */ = {
			isa = PBXGroup;
			children = (
			);
			path = Buttons;
			sourceTree = "<group>";
		};
		56D5403F270DED8600EC0C84 /* Models */ = {
			isa = PBXGroup;
			children = (
				56E27E8527187B93003E682A /* Session+CoreData.swift */,
				56E27E8727187B93003E682A /* Record+CoreData.swift */,
			);
			path = Models;
			sourceTree = "<group>";
		};
		56D54040270DED8F00EC0C84 /* Views */ = {
			isa = PBXGroup;
			children = (
			);
			path = Views;
			sourceTree = "<group>";
		};
		56D54049270DEFB900EC0C84 /* Dependencies */ = {
			isa = PBXGroup;
			children = (
				5696FFFA2714862C001E6A27 /* Breathe */,
				5606B77F270F4D3F00EA177A /* Managers */,
				56D5404A270DEFCD00EC0C84 /* AppSession.swift */,
			);
			path = Dependencies;
			sourceTree = "<group>";
		};
		56D54053270DF10A00EC0C84 /* Coordination */ = {
			isa = PBXGroup;
			children = (
				56D54054270DF11A00EC0C84 /* AppRouter.swift */,
			);
			path = Coordination;
			sourceTree = "<group>";
		};
		56D54057270DF50F00EC0C84 /* Views */ = {
			isa = PBXGroup;
			children = (
				56D54058270DF52400EC0C84 /* MainBreatheButton.swift */,
			);
			path = Views;
			sourceTree = "<group>";
		};
		56D5405B270DF63F00EC0C84 /* Extensions */ = {
			isa = PBXGroup;
			children = (
				56D5405C270DF64E00EC0C84 /* String+Extensions.swift */,
			);
			path = Extensions;
			sourceTree = "<group>";
		};
		56E27E97271881C2003E682A /* Dao */ = {
			isa = PBXGroup;
			children = (
				56E27E98271881D0003E682A /* SessionDao.swift */,
				56E27E9B271881DB003E682A /* RecordDao.swift */,
			);
			path = Dao;
			sourceTree = "<group>";
		};
		56E27E9E2718823F003E682A /* SessionList */ = {
			isa = PBXGroup;
			children = (
				56E27E9F27188256003E682A /* SessionListViewController.swift */,
				56E27EA22718825F003E682A /* SessionListControllerViewModel.swift */,
				567FD620271AC93A00D508A2 /* SessionListCell.swift */,
				567FD62D271B29AA00D508A2 /* SessionListTableHeaderView.swift */,
			);
			path = SessionList;
			sourceTree = "<group>";
		};
		56E27EA527188265003E682A /* RecordList */ = {
			isa = PBXGroup;
			children = (
			);
			path = RecordList;
			sourceTree = "<group>";
		};
/* End PBXGroup section */

/* Begin PBXNativeTarget section */
		564848F1270DE88800F4F04E /* BreatheMe */ = {
			isa = PBXNativeTarget;
			buildConfigurationList = 56484909270DE88900F4F04E /* Build configuration list for PBXNativeTarget "BreatheMe" */;
			buildPhases = (
				564848EE270DE88800F4F04E /* Sources */,
				564848EF270DE88800F4F04E /* Frameworks */,
				564848F0270DE88800F4F04E /* Resources */,
			);
			buildRules = (
			);
			dependencies = (
			);
			name = BreatheMe;
			packageProductDependencies = (
			);
			productName = BreatheMe;
			productReference = 564848F2270DE88800F4F04E /* BreatheMe.app */;
			productType = "com.apple.product-type.application";
		};
/* End PBXNativeTarget section */

/* Begin PBXProject section */
		564848EA270DE88800F4F04E /* Project object */ = {
			isa = PBXProject;
			attributes = {
				LastSwiftUpdateCheck = 1240;
				LastUpgradeCheck = 1240;
				TargetAttributes = {
					564848F1270DE88800F4F04E = {
						CreatedOnToolsVersion = 12.4;
					};
				};
			};
			buildConfigurationList = 564848ED270DE88800F4F04E /* Build configuration list for PBXProject "BreatheMe" */;
			compatibilityVersion = "Xcode 9.3";
			developmentRegion = en;
			hasScannedForEncodings = 0;
			knownRegions = (
				en,
				Base,
				ru,
			);
			mainGroup = 564848E9270DE88800F4F04E;
			packageReferences = (
			);
			productRefGroup = 564848F3270DE88800F4F04E /* Products */;
			projectDirPath = "";
			projectRoot = "";
			targets = (
				564848F1270DE88800F4F04E /* BreatheMe */,
			);
		};
/* End PBXProject section */

/* Begin PBXResourcesBuildPhase section */
		564848F0270DE88800F4F04E /* Resources */ = {
			isa = PBXResourcesBuildPhase;
			buildActionMask = 2147483647;
			files = (
				56D54069270DF97700EC0C84 /* Localizable.strings in Resources */,
				56484905270DE88900F4F04E /* LaunchScreen.storyboard in Resources */,
				56D54036270DEBD600EC0C84 /* Colors.xcassets in Resources */,
				56484902270DE88900F4F04E /* Assets.xcassets in Resources */,
				564848FD270DE88800F4F04E /* MainViewController.storyboard in Resources */,
			);
			runOnlyForDeploymentPostprocessing = 0;
		};
/* End PBXResourcesBuildPhase section */

/* Begin PBXSourcesBuildPhase section */
		564848EE270DE88800F4F04E /* Sources */ = {
			isa = PBXSourcesBuildPhase;
			buildActionMask = 2147483647;
			files = (
				56E27E99271881D0003E682A /* SessionDao.swift in Sources */,
				56D5405D270DF64E00EC0C84 /* String+Extensions.swift in Sources */,
				56D5404B270DEFCD00EC0C84 /* AppSession.swift in Sources */,
				56E27EA32718825F003E682A /* SessionListControllerViewModel.swift in Sources */,
				567FD621271AC93A00D508A2 /* SessionListCell.swift in Sources */,
				56D54051270DF01B00EC0C84 /* MainControllerViewModel.swift in Sources */,
				567FD62E271B29AA00D508A2 /* SessionListTableHeaderView.swift in Sources */,
				5606B781270F4D5300EA177A /* BreatheRecorder.swift in Sources */,
				5696FFF827148624001E6A27 /* BreatheProcessor.swift in Sources */,
				567FD619271AC1CE00D508A2 /* SessionRepository.swift in Sources */,
				56D5404E270DEFDE00EC0C84 /* DataManager.swift in Sources */,
				56B0BEFA27173995007BA6B4 /* BreatheStage.swift in Sources */,
				56E27E8B27187B93003E682A /* Record+CoreData.swift in Sources */,
				564848FA270DE88800F4F04E /* MainViewController.swift in Sources */,
				567FD61C271AC1D600D508A2 /* RecordRepository.swift in Sources */,
				56E27E9C271881DB003E682A /* RecordDao.swift in Sources */,
				56D54055270DF11A00EC0C84 /* AppRouter.swift in Sources */,
				564848F6270DE88800F4F04E /* AppDelegate.swift in Sources */,
				56484900270DE88800F4F04E /* BreatheMe.xcdatamodeld in Sources */,
				56D54059270DF52400EC0C84 /* MainBreatheButton.swift in Sources */,
				56E27E8927187B93003E682A /* Session+CoreData.swift in Sources */,
				56E27EA027188256003E682A /* SessionListViewController.swift in Sources */,
				56E27E9527187D17003E682A /* Database.swift in Sources */,
				56D5403B270DECB000EC0C84 /* SetuppableViews.swift in Sources */,
			);
			runOnlyForDeploymentPostprocessing = 0;
		};
/* End PBXSourcesBuildPhase section */

/* Begin PBXVariantGroup section */
		564848FB270DE88800F4F04E /* MainViewController.storyboard */ = {
			isa = PBXVariantGroup;
			children = (
				564848FC270DE88800F4F04E /* Base */,
			);
			name = MainViewController.storyboard;
			sourceTree = "<group>";
		};
		56484903270DE88900F4F04E /* LaunchScreen.storyboard */ = {
			isa = PBXVariantGroup;
			children = (
				56484904270DE88900F4F04E /* Base */,
			);
			name = LaunchScreen.storyboard;
			sourceTree = "<group>";
		};
		56D5406B270DF97700EC0C84 /* Localizable.strings */ = {
			isa = PBXVariantGroup;
			children = (
				56D5406A270DF97700EC0C84 /* en */,
				56D5406D270DF99200EC0C84 /* ru */,
			);
			name = Localizable.strings;
			sourceTree = "<group>";
		};
/* End PBXVariantGroup section */

/* Begin XCBuildConfiguration section */
		56484907270DE88900F4F04E /* Debug */ = {
			isa = XCBuildConfiguration;
			buildSettings = {
				ALWAYS_SEARCH_USER_PATHS = NO;
				CLANG_ANALYZER_LOCALIZABILITY_NONLOCALIZED = YES;
				CLANG_ANALYZER_NONNULL = YES;
				CLANG_ANALYZER_NUMBER_OBJECT_CONVERSION = YES_AGGRESSIVE;
				CLANG_CXX_LANGUAGE_STANDARD = "gnu++14";
				CLANG_CXX_LIBRARY = "libc++";
				CLANG_ENABLE_MODULES = YES;
				CLANG_ENABLE_OBJC_ARC = YES;
				CLANG_ENABLE_OBJC_WEAK = YES;
				CLANG_WARN_BLOCK_CAPTURE_AUTORELEASING = YES;
				CLANG_WARN_BOOL_CONVERSION = YES;
				CLANG_WARN_COMMA = YES;
				CLANG_WARN_CONSTANT_CONVERSION = YES;
				CLANG_WARN_DEPRECATED_OBJC_IMPLEMENTATIONS = YES;
				CLANG_WARN_DIRECT_OBJC_ISA_USAGE = YES_ERROR;
				CLANG_WARN_DOCUMENTATION_COMMENTS = YES;
				CLANG_WARN_EMPTY_BODY = YES;
				CLANG_WARN_ENUM_CONVERSION = YES;
				CLANG_WARN_INFINITE_RECURSION = YES;
				CLANG_WARN_INT_CONVERSION = YES;
				CLANG_WARN_NON_LITERAL_NULL_CONVERSION = YES;
				CLANG_WARN_OBJC_IMPLICIT_RETAIN_SELF = YES;
				CLANG_WARN_OBJC_LITERAL_CONVERSION = YES;
				CLANG_WARN_OBJC_ROOT_CLASS = YES_ERROR;
				CLANG_WARN_QUOTED_INCLUDE_IN_FRAMEWORK_HEADER = YES;
				CLANG_WARN_RANGE_LOOP_ANALYSIS = YES;
				CLANG_WARN_STRICT_PROTOTYPES = YES;
				CLANG_WARN_SUSPICIOUS_MOVE = YES;
				CLANG_WARN_UNGUARDED_AVAILABILITY = YES_AGGRESSIVE;
				CLANG_WARN_UNREACHABLE_CODE = YES;
				CLANG_WARN__DUPLICATE_METHOD_MATCH = YES;
				COPY_PHASE_STRIP = NO;
				DEBUG_INFORMATION_FORMAT = dwarf;
				ENABLE_STRICT_OBJC_MSGSEND = YES;
				ENABLE_TESTABILITY = YES;
				GCC_C_LANGUAGE_STANDARD = gnu11;
				GCC_DYNAMIC_NO_PIC = NO;
				GCC_NO_COMMON_BLOCKS = YES;
				GCC_OPTIMIZATION_LEVEL = 0;
				GCC_PREPROCESSOR_DEFINITIONS = (
					"DEBUG=1",
					"$(inherited)",
				);
				GCC_WARN_64_TO_32_BIT_CONVERSION = YES;
				GCC_WARN_ABOUT_RETURN_TYPE = YES_ERROR;
				GCC_WARN_UNDECLARED_SELECTOR = YES;
				GCC_WARN_UNINITIALIZED_AUTOS = YES_AGGRESSIVE;
				GCC_WARN_UNUSED_FUNCTION = YES;
				GCC_WARN_UNUSED_VARIABLE = YES;
				IPHONEOS_DEPLOYMENT_TARGET = 14.4;
				MTL_ENABLE_DEBUG_INFO = INCLUDE_SOURCE;
				MTL_FAST_MATH = YES;
				ONLY_ACTIVE_ARCH = YES;
				SDKROOT = iphoneos;
				SWIFT_ACTIVE_COMPILATION_CONDITIONS = DEBUG;
				SWIFT_OPTIMIZATION_LEVEL = "-Onone";
			};
			name = Debug;
		};
		56484908270DE88900F4F04E /* Release */ = {
			isa = XCBuildConfiguration;
			buildSettings = {
				ALWAYS_SEARCH_USER_PATHS = NO;
				CLANG_ANALYZER_LOCALIZABILITY_NONLOCALIZED = YES;
				CLANG_ANALYZER_NONNULL = YES;
				CLANG_ANALYZER_NUMBER_OBJECT_CONVERSION = YES_AGGRESSIVE;
				CLANG_CXX_LANGUAGE_STANDARD = "gnu++14";
				CLANG_CXX_LIBRARY = "libc++";
				CLANG_ENABLE_MODULES = YES;
				CLANG_ENABLE_OBJC_ARC = YES;
				CLANG_ENABLE_OBJC_WEAK = YES;
				CLANG_WARN_BLOCK_CAPTURE_AUTORELEASING = YES;
				CLANG_WARN_BOOL_CONVERSION = YES;
				CLANG_WARN_COMMA = YES;
				CLANG_WARN_CONSTANT_CONVERSION = YES;
				CLANG_WARN_DEPRECATED_OBJC_IMPLEMENTATIONS = YES;
				CLANG_WARN_DIRECT_OBJC_ISA_USAGE = YES_ERROR;
				CLANG_WARN_DOCUMENTATION_COMMENTS = YES;
				CLANG_WARN_EMPTY_BODY = YES;
				CLANG_WARN_ENUM_CONVERSION = YES;
				CLANG_WARN_INFINITE_RECURSION = YES;
				CLANG_WARN_INT_CONVERSION = YES;
				CLANG_WARN_NON_LITERAL_NULL_CONVERSION = YES;
				CLANG_WARN_OBJC_IMPLICIT_RETAIN_SELF = YES;
				CLANG_WARN_OBJC_LITERAL_CONVERSION = YES;
				CLANG_WARN_OBJC_ROOT_CLASS = YES_ERROR;
				CLANG_WARN_QUOTED_INCLUDE_IN_FRAMEWORK_HEADER = YES;
				CLANG_WARN_RANGE_LOOP_ANALYSIS = YES;
				CLANG_WARN_STRICT_PROTOTYPES = YES;
				CLANG_WARN_SUSPICIOUS_MOVE = YES;
				CLANG_WARN_UNGUARDED_AVAILABILITY = YES_AGGRESSIVE;
				CLANG_WARN_UNREACHABLE_CODE = YES;
				CLANG_WARN__DUPLICATE_METHOD_MATCH = YES;
				COPY_PHASE_STRIP = NO;
				DEBUG_INFORMATION_FORMAT = "dwarf-with-dsym";
				ENABLE_NS_ASSERTIONS = NO;
				ENABLE_STRICT_OBJC_MSGSEND = YES;
				GCC_C_LANGUAGE_STANDARD = gnu11;
				GCC_NO_COMMON_BLOCKS = YES;
				GCC_WARN_64_TO_32_BIT_CONVERSION = YES;
				GCC_WARN_ABOUT_RETURN_TYPE = YES_ERROR;
				GCC_WARN_UNDECLARED_SELECTOR = YES;
				GCC_WARN_UNINITIALIZED_AUTOS = YES_AGGRESSIVE;
				GCC_WARN_UNUSED_FUNCTION = YES;
				GCC_WARN_UNUSED_VARIABLE = YES;
				IPHONEOS_DEPLOYMENT_TARGET = 14.4;
				MTL_ENABLE_DEBUG_INFO = NO;
				MTL_FAST_MATH = YES;
				SDKROOT = iphoneos;
				SWIFT_COMPILATION_MODE = wholemodule;
				SWIFT_OPTIMIZATION_LEVEL = "-O";
				VALIDATE_PRODUCT = YES;
			};
			name = Release;
		};
		5648490A270DE88900F4F04E /* Debug */ = {
			isa = XCBuildConfiguration;
			buildSettings = {
				ASSETCATALOG_COMPILER_APPICON_NAME = AppIcon;
				ASSETCATALOG_COMPILER_GLOBAL_ACCENT_COLOR_NAME = AccentColor;
				CODE_SIGN_STYLE = Automatic;
				DEVELOPMENT_TEAM = Z935R654UA;
				INFOPLIST_FILE = BreatheMe/Info.plist;
				LD_RUNPATH_SEARCH_PATHS = (
					"$(inherited)",
					"@executable_path/Frameworks",
				);
				PRODUCT_BUNDLE_IDENTIFIER = com.redstar.BreatheMe;
				PRODUCT_NAME = "$(TARGET_NAME)";
				SWIFT_VERSION = 5.0;
				TARGETED_DEVICE_FAMILY = "1,2";
			};
			name = Debug;
		};
		5648490B270DE88900F4F04E /* Release */ = {
			isa = XCBuildConfiguration;
			buildSettings = {
				ASSETCATALOG_COMPILER_APPICON_NAME = AppIcon;
				ASSETCATALOG_COMPILER_GLOBAL_ACCENT_COLOR_NAME = AccentColor;
				CODE_SIGN_STYLE = Automatic;
				DEVELOPMENT_TEAM = Z935R654UA;
				INFOPLIST_FILE = BreatheMe/Info.plist;
				LD_RUNPATH_SEARCH_PATHS = (
					"$(inherited)",
					"@executable_path/Frameworks",
				);
				PRODUCT_BUNDLE_IDENTIFIER = com.redstar.BreatheMe;
				PRODUCT_NAME = "$(TARGET_NAME)";
				SWIFT_VERSION = 5.0;
				TARGETED_DEVICE_FAMILY = "1,2";
			};
			name = Release;
		};
/* End XCBuildConfiguration section */

/* Begin XCConfigurationList section */
		564848ED270DE88800F4F04E /* Build configuration list for PBXProject "BreatheMe" */ = {
			isa = XCConfigurationList;
			buildConfigurations = (
				56484907270DE88900F4F04E /* Debug */,
				56484908270DE88900F4F04E /* Release */,
			);
			defaultConfigurationIsVisible = 0;
			defaultConfigurationName = Release;
		};
		56484909270DE88900F4F04E /* Build configuration list for PBXNativeTarget "BreatheMe" */ = {
			isa = XCConfigurationList;
			buildConfigurations = (
				5648490A270DE88900F4F04E /* Debug */,
				5648490B270DE88900F4F04E /* Release */,
			);
			defaultConfigurationIsVisible = 0;
			defaultConfigurationName = Release;
		};
/* End XCConfigurationList section */

/* Begin XCVersionGroup section */
		564848FE270DE88800F4F04E /* BreatheMe.xcdatamodeld */ = {
			isa = XCVersionGroup;
			children = (
				564848FF270DE88800F4F04E /* BreatheMe.xcdatamodel */,
			);
			currentVersion = 564848FF270DE88800F4F04E /* BreatheMe.xcdatamodel */;
			path = BreatheMe.xcdatamodeld;
			sourceTree = "<group>";
			versionGroupType = wrapper.xcdatamodel;
		};
/* End XCVersionGroup section */
	};
	rootObject = 564848EA270DE88800F4F04E /* Project object */;
}
