// !$*UTF8*$!
{
	archiveVersion = 1;
	classes = {
	};
	objectVersion = 52;
	objects = {

/* Begin PBXBuildFile section */
		564848F6270DE88800F4F04E /* AppDelegate.swift in Sources */ = {isa = PBXBuildFile; fileRef = 564848F5270DE88800F4F04E /* AppDelegate.swift */; };
		564848FA270DE88800F4F04E /* ViewController.swift in Sources */ = {isa = PBXBuildFile; fileRef = 564848F9270DE88800F4F04E /* ViewController.swift */; };
		564848FD270DE88800F4F04E /* Main.storyboard in Resources */ = {isa = PBXBuildFile; fileRef = 564848FB270DE88800F4F04E /* Main.storyboard */; };
		56484900270DE88800F4F04E /* BreatheMe.xcdatamodeld in Sources */ = {isa = PBXBuildFile; fileRef = 564848FE270DE88800F4F04E /* BreatheMe.xcdatamodeld */; };
		56484902270DE88900F4F04E /* Assets.xcassets in Resources */ = {isa = PBXBuildFile; fileRef = 56484901270DE88900F4F04E /* Assets.xcassets */; };
		56484905270DE88900F4F04E /* LaunchScreen.storyboard in Resources */ = {isa = PBXBuildFile; fileRef = 56484903270DE88900F4F04E /* LaunchScreen.storyboard */; };
		56D54036270DEBD600EC0C84 /* Colors.xcassets in Resources */ = {isa = PBXBuildFile; fileRef = 56D54035270DEBD600EC0C84 /* Colors.xcassets */; };
		56D5403B270DECB000EC0C84 /* SetuppableViews.swift in Sources */ = {isa = PBXBuildFile; fileRef = 56D5403A270DECB000EC0C84 /* SetuppableViews.swift */; };
		56D54044270DEECD00EC0C84 /* Reusable in Frameworks */ = {isa = PBXBuildFile; productRef = 56D54043270DEECD00EC0C84 /* Reusable */; };
/* End PBXBuildFile section */

/* Begin PBXFileReference section */
		564848F2270DE88800F4F04E /* BreatheMe.app */ = {isa = PBXFileReference; explicitFileType = wrapper.application; includeInIndex = 0; path = BreatheMe.app; sourceTree = BUILT_PRODUCTS_DIR; };
		564848F5270DE88800F4F04E /* AppDelegate.swift */ = {isa = PBXFileReference; lastKnownFileType = sourcecode.swift; path = AppDelegate.swift; sourceTree = "<group>"; };
		564848F9270DE88800F4F04E /* ViewController.swift */ = {isa = PBXFileReference; lastKnownFileType = sourcecode.swift; path = ViewController.swift; sourceTree = "<group>"; };
		564848FC270DE88800F4F04E /* Base */ = {isa = PBXFileReference; lastKnownFileType = file.storyboard; name = Base; path = Base.lproj/Main.storyboard; sourceTree = "<group>"; };
		564848FF270DE88800F4F04E /* BreatheMe.xcdatamodel */ = {isa = PBXFileReference; lastKnownFileType = wrapper.xcdatamodel; path = BreatheMe.xcdatamodel; sourceTree = "<group>"; };
		56484901270DE88900F4F04E /* Assets.xcassets */ = {isa = PBXFileReference; lastKnownFileType = folder.assetcatalog; path = Assets.xcassets; sourceTree = "<group>"; };
		56484904270DE88900F4F04E /* Base */ = {isa = PBXFileReference; lastKnownFileType = file.storyboard; name = Base; path = Base.lproj/LaunchScreen.storyboard; sourceTree = "<group>"; };
		56484906270DE88900F4F04E /* Info.plist */ = {isa = PBXFileReference; lastKnownFileType = text.plist.xml; path = Info.plist; sourceTree = "<group>"; };
		56D54035270DEBD600EC0C84 /* Colors.xcassets */ = {isa = PBXFileReference; lastKnownFileType = folder.assetcatalog; path = Colors.xcassets; sourceTree = "<group>"; };
		56D5403A270DECB000EC0C84 /* SetuppableViews.swift */ = {isa = PBXFileReference; lastKnownFileType = sourcecode.swift; path = SetuppableViews.swift; sourceTree = "<group>"; };
/* End PBXFileReference section */

/* Begin PBXFrameworksBuildPhase section */
		564848EF270DE88800F4F04E /* Frameworks */ = {
			isa = PBXFrameworksBuildPhase;
			buildActionMask = 2147483647;
			files = (
				56D54044270DEECD00EC0C84 /* Reusable in Frameworks */,
			);
			runOnlyForDeploymentPostprocessing = 0;
		};
/* End PBXFrameworksBuildPhase section */

/* Begin PBXGroup section */
		564848E9270DE88800F4F04E = {
			isa = PBXGroup;
			children = (
				564848F4270DE88800F4F04E /* BreatheMe */,
				564848F3270DE88800F4F04E /* Products */,
			);
			sourceTree = "<group>";
		};
		564848F3270DE88800F4F04E /* Products */ = {
			isa = PBXGroup;
			children = (
				564848F2270DE88800F4F04E /* BreatheMe.app */,
			);
			name = Products;
			sourceTree = "<group>";
		};
		564848F4270DE88800F4F04E /* BreatheMe */ = {
			isa = PBXGroup;
			children = (
				5648490E270DEA0100F4F04E /* UI Components */,
				56484911270DEA1400F4F04E /* CoreData */,
				56484910270DEA0E00F4F04E /* Modules */,
				5648490F270DEA0A00F4F04E /* Utils */,
				56484912270DEA1B00F4F04E /* Resources */,
				56484906270DE88900F4F04E /* Info.plist */,
			);
			path = BreatheMe;
			sourceTree = "<group>";
		};
		5648490E270DEA0100F4F04E /* UI Components */ = {
			isa = PBXGroup;
			children = (
				56D5403A270DECB000EC0C84 /* SetuppableViews.swift */,
				56D54040270DED8F00EC0C84 /* Views */,
				56D5403E270DED7D00EC0C84 /* Buttons */,
			);
			path = "UI Components";
			sourceTree = "<group>";
		};
		5648490F270DEA0A00F4F04E /* Utils */ = {
			isa = PBXGroup;
			children = (
			);
			path = Utils;
			sourceTree = "<group>";
		};
		56484910270DEA0E00F4F04E /* Modules */ = {
			isa = PBXGroup;
			children = (
				56D54039270DEC3500EC0C84 /* Main */,
				564848F5270DE88800F4F04E /* AppDelegate.swift */,
				56484903270DE88900F4F04E /* LaunchScreen.storyboard */,
			);
			path = Modules;
			sourceTree = "<group>";
		};
		56484911270DEA1400F4F04E /* CoreData */ = {
			isa = PBXGroup;
			children = (
				56D5403F270DED8600EC0C84 /* Models */,
				564848FE270DE88800F4F04E /* BreatheMe.xcdatamodeld */,
			);
			path = CoreData;
			sourceTree = "<group>";
		};
		56484912270DEA1B00F4F04E /* Resources */ = {
			isa = PBXGroup;
			children = (
				56D54033270DEBBF00EC0C84 /* Sounds */,
				56D54032270DEBB900EC0C84 /* Fonts */,
				56484901270DE88900F4F04E /* Assets.xcassets */,
				56D54035270DEBD600EC0C84 /* Colors.xcassets */,
			);
			path = Resources;
			sourceTree = "<group>";
		};
		56D54032270DEBB900EC0C84 /* Fonts */ = {
			isa = PBXGroup;
			children = (
			);
			path = Fonts;
			sourceTree = "<group>";
		};
		56D54033270DEBBF00EC0C84 /* Sounds */ = {
			isa = PBXGroup;
			children = (
			);
			path = Sounds;
			sourceTree = "<group>";
		};
		56D54039270DEC3500EC0C84 /* Main */ = {
			isa = PBXGroup;
			children = (
				564848F9270DE88800F4F04E /* ViewController.swift */,
				564848FB270DE88800F4F04E /* Main.storyboard */,
			);
			path = Main;
			sourceTree = "<group>";
		};
		56D5403E270DED7D00EC0C84 /* Buttons */ = {
			isa = PBXGroup;
			children = (
			);
			path = Buttons;
			sourceTree = "<group>";
		};
		56D5403F270DED8600EC0C84 /* Models */ = {
			isa = PBXGroup;
			children = (
			);
			path = Models;
			sourceTree = "<group>";
		};
		56D54040270DED8F00EC0C84 /* Views */ = {
			isa = PBXGroup;
			children = (
			);
			path = Views;
			sourceTree = "<group>";
		};
/* End PBXGroup section */

/* Begin PBXNativeTarget section */
		564848F1270DE88800F4F04E /* BreatheMe */ = {
			isa = PBXNativeTarget;
			buildConfigurationList = 56484909270DE88900F4F04E /* Build configuration list for PBXNativeTarget "BreatheMe" */;
			buildPhases = (
				564848EE270DE88800F4F04E /* Sources */,
				564848EF270DE88800F4F04E /* Frameworks */,
				564848F0270DE88800F4F04E /* Resources */,
			);
			buildRules = (
			);
			dependencies = (
			);
			name = BreatheMe;
			packageProductDependencies = (
				56D54043270DEECD00EC0C84 /* Reusable */,
			);
			productName = BreatheMe;
			productReference = 564848F2270DE88800F4F04E /* BreatheMe.app */;
			productType = "com.apple.product-type.application";
		};
/* End PBXNativeTarget section */

/* Begin PBXProject section */
		564848EA270DE88800F4F04E /* Project object */ = {
			isa = PBXProject;
			attributes = {
				LastSwiftUpdateCheck = 1240;
				LastUpgradeCheck = 1240;
				TargetAttributes = {
					564848F1270DE88800F4F04E = {
						CreatedOnToolsVersion = 12.4;
					};
				};
			};
			buildConfigurationList = 564848ED270DE88800F4F04E /* Build configuration list for PBXProject "BreatheMe" */;
			compatibilityVersion = "Xcode 9.3";
			developmentRegion = en;
			hasScannedForEncodings = 0;
			knownRegions = (
				en,
				Base,
			);
			mainGroup = 564848E9270DE88800F4F04E;
			packageReferences = (
				56D54042270DEECD00EC0C84 /* XCRemoteSwiftPackageReference "Reusable" */,
			);
			productRefGroup = 564848F3270DE88800F4F04E /* Products */;
			projectDirPath = "";
			projectRoot = "";
			targets = (
				564848F1270DE88800F4F04E /* BreatheMe */,
			);
		};
/* End PBXProject section */

/* Begin PBXResourcesBuildPhase section */
		564848F0270DE88800F4F04E /* Resources */ = {
			isa = PBXResourcesBuildPhase;
			buildActionMask = 2147483647;
			files = (
				56484905270DE88900F4F04E /* LaunchScreen.storyboard in Resources */,
				56D54036270DEBD600EC0C84 /* Colors.xcassets in Resources */,
				56484902270DE88900F4F04E /* Assets.xcassets in Resources */,
				564848FD270DE88800F4F04E /* Main.storyboard in Resources */,
			);
			runOnlyForDeploymentPostprocessing = 0;
		};
/* End PBXResourcesBuildPhase section */

/* Begin PBXSourcesBuildPhase section */
		564848EE270DE88800F4F04E /* Sources */ = {
			isa = PBXSourcesBuildPhase;
			buildActionMask = 2147483647;
			files = (
				564848FA270DE88800F4F04E /* ViewController.swift in Sources */,
				564848F6270DE88800F4F04E /* AppDelegate.swift in Sources */,
				56484900270DE88800F4F04E /* BreatheMe.xcdatamodeld in Sources */,
				56D5403B270DECB000EC0C84 /* SetuppableViews.swift in Sources */,
			);
			runOnlyForDeploymentPostprocessing = 0;
		};
/* End PBXSourcesBuildPhase section */

/* Begin PBXVariantGroup section */
		564848FB270DE88800F4F04E /* Main.storyboard */ = {
			isa = PBXVariantGroup;
			children = (
				564848FC270DE88800F4F04E /* Base */,
			);
			name = Main.storyboard;
			sourceTree = "<group>";
		};
		56484903270DE88900F4F04E /* LaunchScreen.storyboard */ = {
			isa = PBXVariantGroup;
			children = (
				56484904270DE88900F4F04E /* Base */,
			);
			name = LaunchScreen.storyboard;
			sourceTree = "<group>";
		};
/* End PBXVariantGroup section */

/* Begin XCBuildConfiguration section */
		56484907270DE88900F4F04E /* Debug */ = {
			isa = XCBuildConfiguration;
			buildSettings = {
				ALWAYS_SEARCH_USER_PATHS = NO;
				CLANG_ANALYZER_NONNULL = YES;
				CLANG_ANALYZER_NUMBER_OBJECT_CONVERSION = YES_AGGRESSIVE;
				CLANG_CXX_LANGUAGE_STANDARD = "gnu++14";
				CLANG_CXX_LIBRARY = "libc++";
				CLANG_ENABLE_MODULES = YES;
				CLANG_ENABLE_OBJC_ARC = YES;
				CLANG_ENABLE_OBJC_WEAK = YES;
				CLANG_WARN_BLOCK_CAPTURE_AUTORELEASING = YES;
				CLANG_WARN_BOOL_CONVERSION = YES;
				CLANG_WARN_COMMA = YES;
				CLANG_WARN_CONSTANT_CONVERSION = YES;
				CLANG_WARN_DEPRECATED_OBJC_IMPLEMENTATIONS = YES;
				CLANG_WARN_DIRECT_OBJC_ISA_USAGE = YES_ERROR;
				CLANG_WARN_DOCUMENTATION_COMMENTS = YES;
				CLANG_WARN_EMPTY_BODY = YES;
				CLANG_WARN_ENUM_CONVERSION = YES;
				CLANG_WARN_INFINITE_RECURSION = YES;
				CLANG_WARN_INT_CONVERSION = YES;
				CLANG_WARN_NON_LITERAL_NULL_CONVERSION = YES;
				CLANG_WARN_OBJC_IMPLICIT_RETAIN_SELF = YES;
				CLANG_WARN_OBJC_LITERAL_CONVERSION = YES;
				CLANG_WARN_OBJC_ROOT_CLASS = YES_ERROR;
				CLANG_WARN_QUOTED_INCLUDE_IN_FRAMEWORK_HEADER = YES;
				CLANG_WARN_RANGE_LOOP_ANALYSIS = YES;
				CLANG_WARN_STRICT_PROTOTYPES = YES;
				CLANG_WARN_SUSPICIOUS_MOVE = YES;
				CLANG_WARN_UNGUARDED_AVAILABILITY = YES_AGGRESSIVE;
				CLANG_WARN_UNREACHABLE_CODE = YES;
				CLANG_WARN__DUPLICATE_METHOD_MATCH = YES;
				COPY_PHASE_STRIP = NO;
				DEBUG_INFORMATION_FORMAT = dwarf;
				ENABLE_STRICT_OBJC_MSGSEND = YES;
				ENABLE_TESTABILITY = YES;
				GCC_C_LANGUAGE_STANDARD = gnu11;
				GCC_DYNAMIC_NO_PIC = NO;
				GCC_NO_COMMON_BLOCKS = YES;
				GCC_OPTIMIZATION_LEVEL = 0;
				GCC_PREPROCESSOR_DEFINITIONS = (
					"DEBUG=1",
					"$(inherited)",
				);
				GCC_WARN_64_TO_32_BIT_CONVERSION = YES;
				GCC_WARN_ABOUT_RETURN_TYPE = YES_ERROR;
				GCC_WARN_UNDECLARED_SELECTOR = YES;
				GCC_WARN_UNINITIALIZED_AUTOS = YES_AGGRESSIVE;
				GCC_WARN_UNUSED_FUNCTION = YES;
				GCC_WARN_UNUSED_VARIABLE = YES;
				IPHONEOS_DEPLOYMENT_TARGET = 14.4;
				MTL_ENABLE_DEBUG_INFO = INCLUDE_SOURCE;
				MTL_FAST_MATH = YES;
				ONLY_ACTIVE_ARCH = YES;
				SDKROOT = iphoneos;
				SWIFT_ACTIVE_COMPILATION_CONDITIONS = DEBUG;
				SWIFT_OPTIMIZATION_LEVEL = "-Onone";
			};
			name = Debug;
		};
		56484908270DE88900F4F04E /* Release */ = {
			isa = XCBuildConfiguration;
			buildSettings = {
				ALWAYS_SEARCH_USER_PATHS = NO;
				CLANG_ANALYZER_NONNULL = YES;
				CLANG_ANALYZER_NUMBER_OBJECT_CONVERSION = YES_AGGRESSIVE;
				CLANG_CXX_LANGUAGE_STANDARD = "gnu++14";
				CLANG_CXX_LIBRARY = "libc++";
				CLANG_ENABLE_MODULES = YES;
				CLANG_ENABLE_OBJC_ARC = YES;
				CLANG_ENABLE_OBJC_WEAK = YES;
				CLANG_WARN_BLOCK_CAPTURE_AUTORELEASING = YES;
				CLANG_WARN_BOOL_CONVERSION = YES;
				CLANG_WARN_COMMA = YES;
				CLANG_WARN_CONSTANT_CONVERSION = YES;
				CLANG_WARN_DEPRECATED_OBJC_IMPLEMENTATIONS = YES;
				CLANG_WARN_DIRECT_OBJC_ISA_USAGE = YES_ERROR;
				CLANG_WARN_DOCUMENTATION_COMMENTS = YES;
				CLANG_WARN_EMPTY_BODY = YES;
				CLANG_WARN_ENUM_CONVERSION = YES;
				CLANG_WARN_INFINITE_RECURSION = YES;
				CLANG_WARN_INT_CONVERSION = YES;
				CLANG_WARN_NON_LITERAL_NULL_CONVERSION = YES;
				CLANG_WARN_OBJC_IMPLICIT_RETAIN_SELF = YES;
				CLANG_WARN_OBJC_LITERAL_CONVERSION = YES;
				CLANG_WARN_OBJC_ROOT_CLASS = YES_ERROR;
				CLANG_WARN_QUOTED_INCLUDE_IN_FRAMEWORK_HEADER = YES;
				CLANG_WARN_RANGE_LOOP_ANALYSIS = YES;
				CLANG_WARN_STRICT_PROTOTYPES = YES;
				CLANG_WARN_SUSPICIOUS_MOVE = YES;
				CLANG_WARN_UNGUARDED_AVAILABILITY = YES_AGGRESSIVE;
				CLANG_WARN_UNREACHABLE_CODE = YES;
				CLANG_WARN__DUPLICATE_METHOD_MATCH = YES;
				COPY_PHASE_STRIP = NO;
				DEBUG_INFORMATION_FORMAT = "dwarf-with-dsym";
				ENABLE_NS_ASSERTIONS = NO;
				ENABLE_STRICT_OBJC_MSGSEND = YES;
				GCC_C_LANGUAGE_STANDARD = gnu11;
				GCC_NO_COMMON_BLOCKS = YES;
				GCC_WARN_64_TO_32_BIT_CONVERSION = YES;
				GCC_WARN_ABOUT_RETURN_TYPE = YES_ERROR;
				GCC_WARN_UNDECLARED_SELECTOR = YES;
				GCC_WARN_UNINITIALIZED_AUTOS = YES_AGGRESSIVE;
				GCC_WARN_UNUSED_FUNCTION = YES;
				GCC_WARN_UNUSED_VARIABLE = YES;
				IPHONEOS_DEPLOYMENT_TARGET = 14.4;
				MTL_ENABLE_DEBUG_INFO = NO;
				MTL_FAST_MATH = YES;
				SDKROOT = iphoneos;
				SWIFT_COMPILATION_MODE = wholemodule;
				SWIFT_OPTIMIZATION_LEVEL = "-O";
				VALIDATE_PRODUCT = YES;
			};
			name = Release;
		};
		5648490A270DE88900F4F04E /* Debug */ = {
			isa = XCBuildConfiguration;
			buildSettings = {
				ASSETCATALOG_COMPILER_APPICON_NAME = AppIcon;
				ASSETCATALOG_COMPILER_GLOBAL_ACCENT_COLOR_NAME = AccentColor;
				CODE_SIGN_STYLE = Automatic;
				DEVELOPMENT_TEAM = Z935R654UA;
				INFOPLIST_FILE = BreatheMe/Info.plist;
				LD_RUNPATH_SEARCH_PATHS = (
					"$(inherited)",
					"@executable_path/Frameworks",
				);
				PRODUCT_BUNDLE_IDENTIFIER = com.redstar.BreatheMe;
				PRODUCT_NAME = "$(TARGET_NAME)";
				SWIFT_VERSION = 5.0;
				TARGETED_DEVICE_FAMILY = "1,2";
			};
			name = Debug;
		};
		5648490B270DE88900F4F04E /* Release */ = {
			isa = XCBuildConfiguration;
			buildSettings = {
				ASSETCATALOG_COMPILER_APPICON_NAME = AppIcon;
				ASSETCATALOG_COMPILER_GLOBAL_ACCENT_COLOR_NAME = AccentColor;
				CODE_SIGN_STYLE = Automatic;
				DEVELOPMENT_TEAM = Z935R654UA;
				INFOPLIST_FILE = BreatheMe/Info.plist;
				LD_RUNPATH_SEARCH_PATHS = (
					"$(inherited)",
					"@executable_path/Frameworks",
				);
				PRODUCT_BUNDLE_IDENTIFIER = com.redstar.BreatheMe;
				PRODUCT_NAME = "$(TARGET_NAME)";
				SWIFT_VERSION = 5.0;
				TARGETED_DEVICE_FAMILY = "1,2";
			};
			name = Release;
		};
/* End XCBuildConfiguration section */

/* Begin XCConfigurationList section */
		564848ED270DE88800F4F04E /* Build configuration list for PBXProject "BreatheMe" */ = {
			isa = XCConfigurationList;
			buildConfigurations = (
				56484907270DE88900F4F04E /* Debug */,
				56484908270DE88900F4F04E /* Release */,
			);
			defaultConfigurationIsVisible = 0;
			defaultConfigurationName = Release;
		};
		56484909270DE88900F4F04E /* Build configuration list for PBXNativeTarget "BreatheMe" */ = {
			isa = XCConfigurationList;
			buildConfigurations = (
				5648490A270DE88900F4F04E /* Debug */,
				5648490B270DE88900F4F04E /* Release */,
			);
			defaultConfigurationIsVisible = 0;
			defaultConfigurationName = Release;
		};
/* End XCConfigurationList section */

/* Begin XCRemoteSwiftPackageReference section */
		56D54042270DEECD00EC0C84 /* XCRemoteSwiftPackageReference "Reusable" */ = {
			isa = XCRemoteSwiftPackageReference;
			repositoryURL = "https://github.com/AliSoftware/Reusable";
			requirement = {
				kind = upToNextMajorVersion;
				minimumVersion = 4.1.0;
			};
		};
/* End XCRemoteSwiftPackageReference section */

/* Begin XCSwiftPackageProductDependency section */
		56D54043270DEECD00EC0C84 /* Reusable */ = {
			isa = XCSwiftPackageProductDependency;
			package = 56D54042270DEECD00EC0C84 /* XCRemoteSwiftPackageReference "Reusable" */;
			productName = Reusable;
		};
/* End XCSwiftPackageProductDependency section */

/* Begin XCVersionGroup section */
		564848FE270DE88800F4F04E /* BreatheMe.xcdatamodeld */ = {
			isa = XCVersionGroup;
			children = (
				564848FF270DE88800F4F04E /* BreatheMe.xcdatamodel */,
			);
			currentVersion = 564848FF270DE88800F4F04E /* BreatheMe.xcdatamodel */;
			path = BreatheMe.xcdatamodeld;
			sourceTree = "<group>";
			versionGroupType = wrapper.xcdatamodel;
		};
/* End XCVersionGroup section */
	};
	rootObject = 564848EA270DE88800F4F04E /* Project object */;
}
